{
  "object": {
    "pins": [
      {
        "package": "AppCenter",
        "repositoryURL": "https://github.com/microsoft/appcenter-sdk-apple.git",
        "state": {
          "branch": null,
          "revision": "5756ddb0f09041e91bdb3b73c17296ac005ad11a",
          "version": "5.0.3"
        }
      },
      {
        "package": "PLCrashReporter",
        "repositoryURL": "https://github.com/microsoft/PLCrashReporter.git",
        "state": {
          "branch": null,
          "revision": "1aed8f7dc79ce8e674c61e430ef51ca3db18cea9",
          "version": "1.11.1"
        }
      }
    ]
  },
  "version": 1
}
