{
  "object": {
    "pins": [
      {
        "package": "AppCenter",
        "repositoryURL": "https://github.com/microsoft/appcenter-sdk-apple.git",
        "state": {
          "branch": null,
          "revision": "b2dc99cfedead0bad4e6573d86c5228c89cff332",
          "version": "4.4.3"
        }
      },
      {
        "package": "ComScore",
        "repositoryURL": "https://github.com/comScore/Comscore-Swift-Package-Manager.git",
        "state": {
          "branch": null,
          "revision": "7e3c521ad689b0e2bbf5cfb62e19c9e1619feae2",
          "version": "6.10.0"
        }
      },
      {
        "package": "FXReachability",
        "repositoryURL": "https://github.com/SRGSSR/FXReachability.git",
        "state": {
          "branch": null,
          "revision": "b8d60cfbe6eddf1a622476548465efed88afb564",
          "version": "1.3.2-srg6"
        }
      },
      {
        "package": "libextobjc",
        "repositoryURL": "https://github.com/SRGSSR/libextobjc.git",
        "state": {
          "branch": null,
          "revision": "9c9a7327410fe3f7cdb695965ced43b9a7766ee0",
          "version": "0.6.0-srg4"
        }
      },
      {
        "package": "MAKVONotificationCenter",
        "repositoryURL": "https://github.com/SRGSSR/MAKVONotificationCenter.git",
        "state": {
          "branch": null,
          "revision": "8bde3cdc872085bd31f4cfe546bdf8e6932a0806",
          "version": "1.0.0-srg6"
        }
      },
      {
        "package": "Mantle",
        "repositoryURL": "https://github.com/Mantle/Mantle.git",
        "state": {
          "branch": null,
          "revision": "16f72bfe72a2ab29654ba894da1c32b17524e1a6",
          "version": "2.2.0"
        }
      },
      {
        "package": "OHHTTPStubs",
        "repositoryURL": "https://github.com/AliSoftware/OHHTTPStubs.git",
        "state": {
          "branch": null,
          "revision": "12f19662426d0434d6c330c6974d53e2eb10ecd9",
          "version": "9.1.0"
        }
      },
      {
        "package": "PLCrashReporter",
        "repositoryURL": "https://github.com/microsoft/PLCrashReporter.git",
        "state": {
          "branch": null,
          "revision": "81cdec2b3827feb03286cb297f4c501a8eb98df1",
          "version": "1.10.2"
        }
      },
      {
        "package": "SRGAnalytics",
        "repositoryURL": "https://github.com/SRGSSR/srganalytics-apple.git",
        "state": {
          "branch": "feature/legacy-image-services",
          "revision": "acd5f2eaa281466bb06649c4b15577786046414a",
          "version": null
        }
      },
      {
        "package": "SRGAppearance",
        "repositoryURL": "https://github.com/SRGSSR/srgappearance-apple.git",
        "state": {
          "branch": null,
          "revision": "37858eb83365f498d3861cc546ba86a51e061293",
          "version": "5.2.1"
        }
      },
      {
        "package": "SRGContentProtection",
        "repositoryURL": "https://github.com/SRGSSR/srgcontentprotection-apple.git",
        "state": {
          "branch": null,
          "revision": "69420d0f2a89ae88d392385422c24acd2e5f450c",
          "version": "3.1.0"
        }
      },
      {
        "package": "SRGDataProvider",
        "repositoryURL": "https://github.com/SRGSSR/srgdataprovider-apple.git",
        "state": {
          "branch": "feature/legacy-image-services",
          "revision": "4c52c8c5fda50887fb456258f7be3ece694a6423",
          "version": null
        }
      },
      {
        "package": "SRGDiagnostics",
        "repositoryURL": "https://github.com/SRGSSR/srgdiagnostics-apple.git",
        "state": {
          "branch": null,
          "revision": "c595e8f186eb41335f0ea48848543ab3804ea22e",
          "version": "3.1.0"
        }
      },
      {
        "package": "SRGIdentity",
        "repositoryURL": "https://github.com/SRGSSR/srgidentity-apple.git",
        "state": {
          "branch": null,
          "revision": "10368fd1679eeaffb05d84bcdc1002f3d66c2d12",
          "version": "3.3.0"
        }
      },
      {
        "package": "SRGLogger",
        "repositoryURL": "https://github.com/SRGSSR/srglogger-apple.git",
        "state": {
          "branch": null,
          "revision": "dd98468422044b53e283d970809b8502e1ef5b8d",
          "version": "3.1.0"
        }
      },
      {
        "package": "SRGMediaPlayer",
        "repositoryURL": "https://github.com/SRGSSR/srgmediaplayer-apple.git",
        "state": {
          "branch": null,
          "revision": "0e5993756dc0fdfa892205fcf5bf3b9e62dd22ac",
          "version": "7.1.0"
        }
      },
      {
        "package": "SRGNetwork",
        "repositoryURL": "https://github.com/SRGSSR/srgnetwork-apple.git",
        "state": {
          "branch": null,
          "revision": "153a2544391c1aaccae2d38d8b113fd0a03421b8",
          "version": "3.1.0"
        }
      },
      {
        "package": "TCCore",
        "repositoryURL": "https://github.com/SRGSSR/TCCore-xcframework-apple.git",
        "state": {
          "branch": null,
          "revision": "eb686883e63af28174472a09eda97acf07179c88",
          "version": "4.5.4-srg5"
        }
      },
      {
        "package": "TCSDK",
        "repositoryURL": "https://github.com/SRGSSR/TCSDK-xcframework-apple.git",
        "state": {
          "branch": null,
          "revision": "c4becb0b250258b78cb46225af5e269da834db5a",
          "version": "4.4.1-srg5"
        }
      },
      {
        "package": "UICKeyChainStore",
        "repositoryURL": "https://github.com/kishikawakatsumi/UICKeyChainStore.git",
        "state": {
          "branch": null,
          "revision": "8220ac38124613fb709508426f75fbac6921e261",
          "version": "2.2.1"
        }
      },
      {
        "package": "YYWebImage",
        "repositoryURL": "https://github.com/SRGSSR/YYWebImage.git",
        "state": {
          "branch": null,
          "revision": "f7408c97fd0e897e1bb8b3e8b01e0c8e9dc22123",
          "version": "1.0.5-srg3"
        }
      }
    ]
  },
  "version": 1
}
