{
  "object": {
    "pins": [
      {
        "package": "AppCenter",
        "repositoryURL": "https://github.com/microsoft/appcenter-sdk-apple.git",
        "state": {
          "branch": null,
          "revision": "b2dc99cfedead0bad4e6573d86c5228c89cff332",
          "version": "4.4.3"
        }
      },
      {
        "package": "ComScore",
        "repositoryURL": "https://github.com/comScore/Comscore-Swift-Package-Manager.git",
        "state": {
          "branch": null,
          "revision": "7e3c521ad689b0e2bbf5cfb62e19c9e1619feae2",
          "version": "6.10.0"
        }
      },
      {
        "package": "FXReachability",
        "repositoryURL": "https://github.com/SRGSSR/FXReachability.git",
        "state": {
          "branch": "master",
          "revision": "b8d60cfbe6eddf1a622476548465efed88afb564",
          "version": null
        }
      },
      {
        "package": "libextobjc",
        "repositoryURL": "https://github.com/SRGSSR/libextobjc.git",
        "state": {
          "branch": "master",
          "revision": "9c9a7327410fe3f7cdb695965ced43b9a7766ee0",
          "version": null
        }
      },
      {
        "package": "MAKVONotificationCenter",
        "repositoryURL": "https://github.com/SRGSSR/MAKVONotificationCenter.git",
        "state": {
          "branch": "master",
          "revision": "8bde3cdc872085bd31f4cfe546bdf8e6932a0806",
          "version": null
        }
      },
      {
        "package": "Mantle",
        "repositoryURL": "https://github.com/Mantle/Mantle.git",
        "state": {
          "branch": null,
          "revision": "16f72bfe72a2ab29654ba894da1c32b17524e1a6",
          "version": "2.2.0"
        }
      },
      {
        "package": "OHHTTPStubs",
        "repositoryURL": "https://github.com/AliSoftware/OHHTTPStubs.git",
        "state": {
          "branch": null,
          "revision": "12f19662426d0434d6c330c6974d53e2eb10ecd9",
          "version": "9.1.0"
        }
      },
      {
        "package": "PLCrashReporter",
        "repositoryURL": "https://github.com/microsoft/PLCrashReporter.git",
        "state": {
          "branch": null,
          "revision": "81cdec2b3827feb03286cb297f4c501a8eb98df1",
          "version": "1.10.2"
        }
      },
      {
        "package": "SRGAnalytics",
        "repositoryURL": "https://github.com/SRGSSR/srganalytics-apple.git",
        "state": {
          "branch": "develop",
          "revision": "5ee181ee5dc9d696426dcc8fa14efca999895f37",
          "version": null
        }
      },
      {
        "package": "SRGAppearance",
        "repositoryURL": "https://github.com/SRGSSR/srgappearance-apple.git",
        "state": {
          "branch": "develop",
          "revision": "108eb3aa7cbd61bfc585d15e68bc1cee8f08c22b",
          "version": null
        }
      },
      {
        "package": "SRGContentProtection",
        "repositoryURL": "https://github.com/SRGSSR/srgcontentprotection-apple.git",
        "state": {
          "branch": "develop",
          "revision": "c0abcc619de447ce9bed497e7563a53cb27fdcc3",
          "version": null
        }
      },
      {
        "package": "SRGDataProvider",
        "repositoryURL": "https://github.com/SRGSSR/srgdataprovider-apple.git",
        "state": {
          "branch": "develop",
          "revision": "c0996dec6271cca7892f8260a493d92b607bbd5c",
          "version": null
        }
      },
      {
        "package": "SRGDiagnostics",
        "repositoryURL": "https://github.com/SRGSSR/srgdiagnostics-apple.git",
        "state": {
          "branch": "develop",
          "revision": "7a69fbcd1577a4317aa829b2d0afd9c061d279d8",
          "version": null
        }
      },
      {
        "package": "SRGIdentity",
        "repositoryURL": "https://github.com/SRGSSR/srgidentity-apple.git",
        "state": {
          "branch": "develop",
          "revision": "5c3f647b9d11b8ab9dfe5722a02b964f16db0b22",
          "version": null
        }
      },
      {
        "package": "SRGLogger",
        "repositoryURL": "https://github.com/SRGSSR/srglogger-apple.git",
        "state": {
          "branch": "develop",
          "revision": "3b7c04bccfb6714d2ea9589e98591ed9088d128e",
          "version": null
        }
      },
      {
        "package": "SRGMediaPlayer",
        "repositoryURL": "https://github.com/SRGSSR/srgmediaplayer-apple.git",
        "state": {
          "branch": "develop",
          "revision": "a43e8a963b167b2e8c01e739d5e43436337003eb",
          "version": null
        }
      },
      {
        "package": "SRGNetwork",
        "repositoryURL": "https://github.com/SRGSSR/srgnetwork-apple.git",
        "state": {
          "branch": "develop",
          "revision": "dedfb9032837c72ec1c3365f3dfb3ff04d65ec75",
          "version": null
        }
      },
      {
        "package": "TCCore",
        "repositoryURL": "https://github.com/SRGSSR/TCCore-xcframework-apple.git",
        "state": {
          "branch": null,
          "revision": "eb686883e63af28174472a09eda97acf07179c88",
          "version": "4.5.4-srg5"
        }
      },
      {
        "package": "TCSDK",
        "repositoryURL": "https://github.com/SRGSSR/TCSDK-xcframework-apple.git",
        "state": {
          "branch": null,
          "revision": "c4becb0b250258b78cb46225af5e269da834db5a",
          "version": "4.4.1-srg5"
        }
      },
      {
        "package": "UICKeyChainStore",
        "repositoryURL": "https://github.com/kishikawakatsumi/UICKeyChainStore.git",
        "state": {
          "branch": null,
          "revision": "8220ac38124613fb709508426f75fbac6921e261",
          "version": "2.2.1"
        }
      },
      {
        "package": "YYWebImage",
        "repositoryURL": "https://github.com/SRGSSR/YYWebImage.git",
        "state": {
          "branch": null,
          "revision": "f7408c97fd0e897e1bb8b3e8b01e0c8e9dc22123",
          "version": "1.0.5-srg3"
        }
      }
    ]
  },
  "version": 1
}
