{
  "object": {
    "pins": [
      {
        "package": "ComScore",
        "repositoryURL": "https://github.com/comScore/Comscore-Swift-Package-Manager.git",
        "state": {
          "branch": null,
          "revision": "d57938089a95f54468c32c9d8034a277a602d060",
          "version": "6.7.1"
        }
      },
      {
        "package": "FXReachability",
        "repositoryURL": "https://github.com/SRGSSR/FXReachability.git",
        "state": {
          "branch": null,
          "revision": "1eac916df0045630e779fa60eef22ed0d185e15f",
          "version": "1.3.2-srg5"
        }
      },
      {
        "package": "libextobjc",
        "repositoryURL": "https://github.com/SRGSSR/libextobjc.git",
        "state": {
          "branch": null,
          "revision": "30ee5b73bdf57a826978aa146881277f22369be1",
          "version": "0.6.0-srg3"
        }
      },
      {
        "package": "MAKVONotificationCenter",
        "repositoryURL": "https://github.com/SRGSSR/MAKVONotificationCenter.git",
        "state": {
          "branch": null,
          "revision": "60395e0601ffd4a784856b423d4cac558366276d",
          "version": "1.0.0-srg5"
        }
      },
      {
        "package": "Mantle",
        "repositoryURL": "https://github.com/Mantle/Mantle.git",
        "state": {
          "branch": null,
          "revision": "eb4ad298d81c023bcba20810ceffba695378ded4",
          "version": "2.1.6"
        }
      },
      {
        "package": "OHHTTPStubs",
        "repositoryURL": "https://github.com/AliSoftware/OHHTTPStubs.git",
        "state": {
          "branch": null,
          "revision": "12f19662426d0434d6c330c6974d53e2eb10ecd9",
          "version": "9.1.0"
        }
      },
      {
        "package": "SRGAnalytics",
        "repositoryURL": "https://github.com/SRGSSR/srganalytics-apple.git",
        "state": {
          "branch": "feature/font-overhaul",
          "revision": "19b3e498b0e97bd2b70ea9dc0c856d5c2a64face",
          "version": null
        }
      },
      {
        "package": "SRGAppearance",
        "repositoryURL": "https://github.com/SRGSSR/srgappearance-apple.git",
        "state": {
          "branch": "feature/font-overhaul",
          "revision": "975a51fb7c43354289c24a814abdd1abd097f6f0",
          "version": null
        }
      },
      {
        "package": "SRGContentProtection",
        "repositoryURL": "https://github.com/SRGSSR/srgcontentprotection-apple.git",
        "state": {
          "branch": null,
          "revision": "a839c5343c8789f33c34d07d2a24a7de6eb4c054",
          "version": "3.0.3"
        }
      },
      {
        "package": "SRGDataProvider",
        "repositoryURL": "https://github.com/SRGSSR/srgdataprovider-apple.git",
        "state": {
          "branch": null,
          "revision": "1925363627bd1eabce8c63cc8541d5901e9d9266",
          "version": "10.0.1"
        }
      },
      {
        "package": "SRGDiagnostics",
        "repositoryURL": "https://github.com/SRGSSR/srgdiagnostics-apple.git",
        "state": {
          "branch": null,
          "revision": "ca2fe9329aa174281ac97bd4630096ff7cf41d58",
          "version": "3.0.1"
        }
      },
      {
        "package": "SRGIdentity",
        "repositoryURL": "https://github.com/SRGSSR/srgidentity-apple.git",
        "state": {
          "branch": "feature/font-overhaul",
          "revision": "e612e611411fcc9fb88dec8d56acf803ae51696a",
          "version": null
        }
      },
      {
        "package": "SRGLogger",
        "repositoryURL": "https://github.com/SRGSSR/srglogger-apple.git",
        "state": {
          "branch": null,
          "revision": "9e5bf082222f5499996b931a8651aac6ea17ba4a",
          "version": "3.0.1"
        }
      },
      {
        "package": "SRGMediaPlayer",
        "repositoryURL": "https://github.com/SRGSSR/srgmediaplayer-apple.git",
        "state": {
          "branch": null,
          "revision": "7ba6b8f78205ec9186d67aa9d1c40e376ffd4909",
          "version": "6.1.2"
        }
      },
      {
        "package": "SRGNetwork",
        "repositoryURL": "https://github.com/SRGSSR/srgnetwork-apple.git",
        "state": {
          "branch": null,
          "revision": "46c78b8cb5738e0286e18f35c586547b1458bdcf",
          "version": "3.0.2"
        }
      },
      {
        "package": "TCCore",
        "repositoryURL": "https://github.com/SRGSSR/TCCore-xcframework-apple.git",
        "state": {
          "branch": null,
          "revision": "eb686883e63af28174472a09eda97acf07179c88",
          "version": "4.5.4-srg5"
        }
      },
      {
        "package": "TCSDK",
        "repositoryURL": "https://github.com/SRGSSR/TCSDK-xcframework-apple.git",
        "state": {
          "branch": null,
          "revision": "c4becb0b250258b78cb46225af5e269da834db5a",
          "version": "4.4.1-srg5"
        }
      },
      {
        "package": "UICKeyChainStore",
        "repositoryURL": "https://github.com/kishikawakatsumi/UICKeyChainStore.git",
        "state": {
          "branch": null,
          "revision": "8220ac38124613fb709508426f75fbac6921e261",
          "version": "2.2.1"
        }
      },
      {
        "package": "YYWebImage",
        "repositoryURL": "https://github.com/SRGSSR/YYWebImage.git",
        "state": {
          "branch": null,
          "revision": "f7408c97fd0e897e1bb8b3e8b01e0c8e9dc22123",
          "version": "1.0.5-srg3"
        }
      }
    ]
  },
  "version": 1
}
